
Microsoft Visual Studio Solution File, Format Version 12.00
# Visual Studio Version 17
VisualStudioVersion = 17.0.32126.317
MinimumVisualStudioVersion = 10.0.40219.1
Project("{FAE04EC0-301F-11D3-BF4B-00C04F79EFBC}") = "Morse", "Morse\Morse.csproj", "{3DB8D848-FAE2-4823-A653-81D7F30586AA}"
EndProject
Global
	GlobalSection(SolutionConfigurationPlatforms) = preSolution
		Debug|Any CPU = Debug|Any CPU
		Release|Any CPU = Release|Any CPU
	EndGlobalSection
	GlobalSection(ProjectConfigurationPlatforms) = postSolution
		{3DB8D848-FAE2-4823-A653-81D7F30586AA}.Debug|Any CPU.ActiveCfg = Debug|Any CPU
		{3DB8D848-FAE2-4823-A653-81D7F30586AA}.Debug|Any CPU.Build.0 = Debug|Any CPU
		{3DB8D848-FAE2-4823-A653-81D7F30586AA}.Release|Any CPU.ActiveCfg = Release|Any CPU
		{3DB8D848-FAE2-4823-A653-81D7F30586AA}.Release|Any CPU.Build.0 = Release|Any CPU
	EndGlobalSection
	GlobalSection(SolutionProperties) = preSolution
		HideSolutionNode = FALSE
	EndGlobalSection
	GlobalSection(ExtensibilityGlobals) = postSolution
		SolutionGuid = {4C74AACE-1E77-4DE6-883E-12C57373A644}
	EndGlobalSection
EndGlobal
